
Microsoft Visual Studio Solution File, Format Version 12.00
# Visual Studio Version 17
VisualStudioVersion = 17.10.35122.118
MinimumVisualStudioVersion = 10.0.40219.1
Project("{FAE04EC0-301F-11D3-BF4B-00C04F79EFBC}") = "Fish Player Tracker", "Fish Player Tracker\Fish Player Tracker.csproj", "{A5CEAB8C-55E5-435B-963A-CFE03F27BD13}"
EndProject
Project("{FAE04EC0-301F-11D3-BF4B-00C04F79EFBC}") = "Fish Player Tracker Lib", "Fish Player Tracker Lib\Fish Player Tracker Lib.csproj", "{AABDEA6F-C3D6-4856-BC6C-0FCE30D9BB8B}"
EndProject
Global
	GlobalSection(SolutionConfigurationPlatforms) = preSolution
		Debug|Any CPU = Debug|Any CPU
		Release|Any CPU = Release|Any CPU
	EndGlobalSection
	GlobalSection(ProjectConfigurationPlatforms) = postSolution
		{A5CEAB8C-55E5-435B-963A-CFE03F27BD13}.Debug|Any CPU.ActiveCfg = Debug|Any CPU
		{A5CEAB8C-55E5-435B-963A-CFE03F27BD13}.Debug|Any CPU.Build.0 = Debug|Any CPU
		{A5CEAB8C-55E5-435B-963A-CFE03F27BD13}.Release|Any CPU.ActiveCfg = Release|Any CPU
		{A5CEAB8C-55E5-435B-963A-CFE03F27BD13}.Release|Any CPU.Build.0 = Release|Any CPU
		{AABDEA6F-C3D6-4856-BC6C-0FCE30D9BB8B}.Debug|Any CPU.ActiveCfg = Debug|Any CPU
		{AABDEA6F-C3D6-4856-BC6C-0FCE30D9BB8B}.Debug|Any CPU.Build.0 = Debug|Any CPU
		{AABDEA6F-C3D6-4856-BC6C-0FCE30D9BB8B}.Release|Any CPU.ActiveCfg = Release|Any CPU
		{AABDEA6F-C3D6-4856-BC6C-0FCE30D9BB8B}.Release|Any CPU.Build.0 = Release|Any CPU
	EndGlobalSection
	GlobalSection(SolutionProperties) = preSolution
		HideSolutionNode = FALSE
	EndGlobalSection
	GlobalSection(ExtensibilityGlobals) = postSolution
		SolutionGuid = {77A8B782-20F1-4A5B-ABBC-DB5F2A2FF607}
	EndGlobalSection
EndGlobal
